
Microsoft Visual Studio Solution File, Format Version 12.00
# Visual Studio Version 17
VisualStudioVersion = 17.6.33815.320
MinimumVisualStudioVersion = 10.0.40219.1
Project("{FAE04EC0-301F-11D3-BF4B-00C04F79EFBC}") = "FunctionCalc", "FunctionCalc\FunctionCalc.csproj", "{AB64BBDE-EEE4-48FD-9B20-4ACF971DB56E}"
EndProject
Project("{FAE04EC0-301F-11D3-BF4B-00C04F79EFBC}") = "Test", "Test\Test.csproj", "{CEA8829C-684D-4C20-A63D-B34D6665BA6B}"
EndProject
Global
	GlobalSection(SolutionConfigurationPlatforms) = preSolution
		Debug|Any CPU = Debug|Any CPU
		Release|Any CPU = Release|Any CPU
	EndGlobalSection
	GlobalSection(ProjectConfigurationPlatforms) = postSolution
		{AB64BBDE-EEE4-48FD-9B20-4ACF971DB56E}.Debug|Any CPU.ActiveCfg = Debug|Any CPU
		{AB64BBDE-EEE4-48FD-9B20-4ACF971DB56E}.Debug|Any CPU.Build.0 = Debug|Any CPU
		{AB64BBDE-EEE4-48FD-9B20-4ACF971DB56E}.Release|Any CPU.ActiveCfg = Release|Any CPU
		{AB64BBDE-EEE4-48FD-9B20-4ACF971DB56E}.Release|Any CPU.Build.0 = Release|Any CPU
		{CEA8829C-684D-4C20-A63D-B34D6665BA6B}.Debug|Any CPU.ActiveCfg = Debug|Any CPU
		{CEA8829C-684D-4C20-A63D-B34D6665BA6B}.Debug|Any CPU.Build.0 = Debug|Any CPU
		{CEA8829C-684D-4C20-A63D-B34D6665BA6B}.Release|Any CPU.ActiveCfg = Release|Any CPU
		{CEA8829C-684D-4C20-A63D-B34D6665BA6B}.Release|Any CPU.Build.0 = Release|Any CPU
	EndGlobalSection
	GlobalSection(SolutionProperties) = preSolution
		HideSolutionNode = FALSE
	EndGlobalSection
	GlobalSection(ExtensibilityGlobals) = postSolution
		SolutionGuid = {90969D2B-E073-4EE2-B048-C2C9D821FC26}
	EndGlobalSection
EndGlobal
